
Microsoft Visual Studio Solution File, Format Version 12.00
# Visual Studio 15
VisualStudioVersion = 15.0.28307.421
MinimumVisualStudioVersion = 10.0.40219.1
Project("{9A19103F-16F7-4668-BE54-9A1E7A4F7556}") = "TopTwitchClipBotFunctions", "TopTwitchClipBotFunctions\TopTwitchClipBotFunctions.csproj", "{A36864E8-8E52-4C39-A6CC-D2C5116646A8}"
EndProject
Project("{9A19103F-16F7-4668-BE54-9A1E7A4F7556}") = "TopTwitchClipBotCore", "TopTwitchClipBotCore\TopTwitchClipBotCore.csproj", "{9EF30CC8-016D-4EAE-8067-79CD98FBD489}"
EndProject
Project("{9A19103F-16F7-4668-BE54-9A1E7A4F7556}") = "TopTwitchClipBotModel", "TopTwitchClipBotModel\TopTwitchClipBotModel.csproj", "{848986E0-9698-4564-9A02-06058D0FAD8A}"
EndProject
Project("{FAE04EC0-301F-11D3-BF4B-00C04F79EFBC}") = "TopTwitchClipBotTests", "TopTwitchClipBotTests\TopTwitchClipBotTests.csproj", "{403FBD75-324C-4D66-A053-F0D597F55E7B}"
EndProject
Global
	GlobalSection(SolutionConfigurationPlatforms) = preSolution
		Debug|Any CPU = Debug|Any CPU
		Release|Any CPU = Release|Any CPU
	EndGlobalSection
	GlobalSection(ProjectConfigurationPlatforms) = postSolution
		{A36864E8-8E52-4C39-A6CC-D2C5116646A8}.Debug|Any CPU.ActiveCfg = Debug|Any CPU
		{A36864E8-8E52-4C39-A6CC-D2C5116646A8}.Debug|Any CPU.Build.0 = Debug|Any CPU
		{A36864E8-8E52-4C39-A6CC-D2C5116646A8}.Release|Any CPU.ActiveCfg = Release|Any CPU
		{A36864E8-8E52-4C39-A6CC-D2C5116646A8}.Release|Any CPU.Build.0 = Release|Any CPU
		{9EF30CC8-016D-4EAE-8067-79CD98FBD489}.Debug|Any CPU.ActiveCfg = Debug|Any CPU
		{9EF30CC8-016D-4EAE-8067-79CD98FBD489}.Debug|Any CPU.Build.0 = Debug|Any CPU
		{9EF30CC8-016D-4EAE-8067-79CD98FBD489}.Release|Any CPU.ActiveCfg = Release|Any CPU
		{9EF30CC8-016D-4EAE-8067-79CD98FBD489}.Release|Any CPU.Build.0 = Release|Any CPU
		{848986E0-9698-4564-9A02-06058D0FAD8A}.Debug|Any CPU.ActiveCfg = Debug|Any CPU
		{848986E0-9698-4564-9A02-06058D0FAD8A}.Debug|Any CPU.Build.0 = Debug|Any CPU
		{848986E0-9698-4564-9A02-06058D0FAD8A}.Release|Any CPU.ActiveCfg = Release|Any CPU
		{848986E0-9698-4564-9A02-06058D0FAD8A}.Release|Any CPU.Build.0 = Release|Any CPU
		{403FBD75-324C-4D66-A053-F0D597F55E7B}.Debug|Any CPU.ActiveCfg = Debug|Any CPU
		{403FBD75-324C-4D66-A053-F0D597F55E7B}.Debug|Any CPU.Build.0 = Debug|Any CPU
		{403FBD75-324C-4D66-A053-F0D597F55E7B}.Release|Any CPU.ActiveCfg = Release|Any CPU
		{403FBD75-324C-4D66-A053-F0D597F55E7B}.Release|Any CPU.Build.0 = Release|Any CPU
	EndGlobalSection
	GlobalSection(SolutionProperties) = preSolution
		HideSolutionNode = FALSE
	EndGlobalSection
	GlobalSection(ExtensibilityGlobals) = postSolution
		SolutionGuid = {BB52C653-5E41-4D2E-9A88-EEFB94FE5CC3}
	EndGlobalSection
EndGlobal
